{
  "name": "amc",
  "lockfileVersion": 3,
  "requires": true,
  "packages": {
    "": {
      "dependencies": {
        "vue-tree-list": "^1.5.0"
      }
    },
    "node_modules/vue-tree-list": {
      "version": "1.5.0",
      "resolved": "https://registry.npmjs.org/vue-tree-list/-/vue-tree-list-1.5.0.tgz",
      "integrity": "sha512-qHRJtPMmjCYA9I9kpHgIT6F1H7leR1ZxcNETrP2r97otSHYdHdK42qt12t4glf2mNvI+wBpY2fLClUGcaQJnpg=="
    }
  }
}
